
Microsoft Visual Studio Solution File, Format Version 12.00
# Visual Studio Version 16
VisualStudioVersion = 16.0.32413.511
MinimumVisualStudioVersion = 10.0.40219.1
Project("{9A19103F-16F7-4668-BE54-9A1E7A4F7556}") = "Common.Automation", "Common.Automation\Common.Automation.csproj", "{E5F59850-2E52-4EC1-9778-A7D0912B84E9}"
EndProject
Project("{9A19103F-16F7-4668-BE54-9A1E7A4F7556}") = "YourProjectName.Automation", "YourProjectName.Automation\YourProjectName.Automation.csproj", "{B2438DC6-4835-48FC-B3BD-945AD8A162DA}"
EndProject
Global
	GlobalSection(SolutionConfigurationPlatforms) = preSolution
		Local|Any CPU = Local|Any CPU
		Remote|Any CPU = Remote|Any CPU
	EndGlobalSection
	GlobalSection(ProjectConfigurationPlatforms) = postSolution
		{E5F59850-2E52-4EC1-9778-A7D0912B84E9}.Local|Any CPU.ActiveCfg = Local|Any CPU
		{E5F59850-2E52-4EC1-9778-A7D0912B84E9}.Local|Any CPU.Build.0 = Local|Any CPU
		{E5F59850-2E52-4EC1-9778-A7D0912B84E9}.Remote|Any CPU.ActiveCfg = Remote|Any CPU
		{E5F59850-2E52-4EC1-9778-A7D0912B84E9}.Remote|Any CPU.Build.0 = Remote|Any CPU
		{B2438DC6-4835-48FC-B3BD-945AD8A162DA}.Local|Any CPU.ActiveCfg = Local|Any CPU
		{B2438DC6-4835-48FC-B3BD-945AD8A162DA}.Local|Any CPU.Build.0 = Local|Any CPU
		{B2438DC6-4835-48FC-B3BD-945AD8A162DA}.Remote|Any CPU.ActiveCfg = Remote|Any CPU
		{B2438DC6-4835-48FC-B3BD-945AD8A162DA}.Remote|Any CPU.Build.0 = Remote|Any CPU
	EndGlobalSection
	GlobalSection(SolutionProperties) = preSolution
		HideSolutionNode = FALSE
	EndGlobalSection
	GlobalSection(ExtensibilityGlobals) = postSolution
		SolutionGuid = {8F96D407-7AC9-4BEC-A00C-F07534B342E2}
	EndGlobalSection
EndGlobal
